
Microsoft Visual Studio Solution File, Format Version 12.00
# Visual Studio Version 16
VisualStudioVersion = 16.0.30413.136
MinimumVisualStudioVersion = 10.0.40219.1
Project("{9A19103F-16F7-4668-BE54-9A1E7A4F7556}") = "Shoko.Plugin.SampleWithSettingsRenamer", "Shoko.Plugin.SampleWithSettingsRenamer\Shoko.Plugin.SampleWithSettingsRenamer.csproj", "{1DF50BB6-98D2-44DD-B80B-665F254F110D}"
EndProject
Project("{9A19103F-16F7-4668-BE54-9A1E7A4F7556}") = "Shoko.Plugin.DubSubAwareRenamer", "Shoko.Plugin.DubSubAwareRenamer\Shoko.Plugin.DubSubAwareRenamer.csproj", "{0563164F-CDF7-4D28-BD62-5E7D23116C3E}"
EndProject
Project("{FAE04EC0-301F-11D3-BF4B-00C04F79EFBC}") = "Shoko.Plugin.OriginalNameRenamer", "Shoko.Plugin.OriginalNameRenamer\Shoko.Plugin.OriginalNameRenamer.csproj", "{E2FBF5E4-DA76-4ED6-AE94-3688BF6ECC5B}"
EndProject
Project("{FAE04EC0-301F-11D3-BF4B-00C04F79EFBC}") = "Shoko.Plugin.CopyToBackupRenamer", "Shoko.Plugin.CopyToBackupRenamer\Shoko.Plugin.CopyToBackupRenamer.csproj", "{E3960D34-E673-4095-B503-251230BB102A}"
EndProject
Global
	GlobalSection(SolutionConfigurationPlatforms) = preSolution
		Debug|Any CPU = Debug|Any CPU
		Debug|x64 = Debug|x64
		Debug|x86 = Debug|x86
		Release|Any CPU = Release|Any CPU
		Release|x64 = Release|x64
		Release|x86 = Release|x86
	EndGlobalSection
	GlobalSection(ProjectConfigurationPlatforms) = postSolution
		{1DF50BB6-98D2-44DD-B80B-665F254F110D}.Debug|Any CPU.ActiveCfg = Debug|Any CPU
		{1DF50BB6-98D2-44DD-B80B-665F254F110D}.Debug|Any CPU.Build.0 = Debug|Any CPU
		{1DF50BB6-98D2-44DD-B80B-665F254F110D}.Debug|x64.ActiveCfg = Debug|Any CPU
		{1DF50BB6-98D2-44DD-B80B-665F254F110D}.Debug|x64.Build.0 = Debug|Any CPU
		{1DF50BB6-98D2-44DD-B80B-665F254F110D}.Debug|x86.ActiveCfg = Debug|Any CPU
		{1DF50BB6-98D2-44DD-B80B-665F254F110D}.Debug|x86.Build.0 = Debug|Any CPU
		{1DF50BB6-98D2-44DD-B80B-665F254F110D}.Release|Any CPU.ActiveCfg = Release|Any CPU
		{1DF50BB6-98D2-44DD-B80B-665F254F110D}.Release|Any CPU.Build.0 = Release|Any CPU
		{1DF50BB6-98D2-44DD-B80B-665F254F110D}.Release|x64.ActiveCfg = Release|Any CPU
		{1DF50BB6-98D2-44DD-B80B-665F254F110D}.Release|x64.Build.0 = Release|Any CPU
		{1DF50BB6-98D2-44DD-B80B-665F254F110D}.Release|x86.ActiveCfg = Release|Any CPU
		{1DF50BB6-98D2-44DD-B80B-665F254F110D}.Release|x86.Build.0 = Release|Any CPU
		{0563164F-CDF7-4D28-BD62-5E7D23116C3E}.Debug|Any CPU.ActiveCfg = Debug|Any CPU
		{0563164F-CDF7-4D28-BD62-5E7D23116C3E}.Debug|Any CPU.Build.0 = Debug|Any CPU
		{0563164F-CDF7-4D28-BD62-5E7D23116C3E}.Debug|x64.ActiveCfg = Debug|x64
		{0563164F-CDF7-4D28-BD62-5E7D23116C3E}.Debug|x64.Build.0 = Debug|x64
		{0563164F-CDF7-4D28-BD62-5E7D23116C3E}.Debug|x86.ActiveCfg = Debug|x86
		{0563164F-CDF7-4D28-BD62-5E7D23116C3E}.Debug|x86.Build.0 = Debug|x86
		{0563164F-CDF7-4D28-BD62-5E7D23116C3E}.Release|Any CPU.ActiveCfg = Release|x86
		{0563164F-CDF7-4D28-BD62-5E7D23116C3E}.Release|x64.ActiveCfg = Release|x64
		{0563164F-CDF7-4D28-BD62-5E7D23116C3E}.Release|x64.Build.0 = Release|x64
		{0563164F-CDF7-4D28-BD62-5E7D23116C3E}.Release|x86.ActiveCfg = Release|x86
		{0563164F-CDF7-4D28-BD62-5E7D23116C3E}.Release|x86.Build.0 = Release|x86
		{E2FBF5E4-DA76-4ED6-AE94-3688BF6ECC5B}.Debug|Any CPU.ActiveCfg = Debug|Any CPU
								{E2FBF5E4-DA76-4ED6-AE94-3688BF6ECC5B}.Debug|Any CPU.Build.0 = Debug|Any CPU
								{E2FBF5E4-DA76-4ED6-AE94-3688BF6ECC5B}.Release|Any CPU.ActiveCfg = Release|Any CPU
								{E2FBF5E4-DA76-4ED6-AE94-3688BF6ECC5B}.Release|Any CPU.Build.0 = Release|Any CPU
		{E3960D34-E673-4095-B503-251230BB102A}.Debug|Any CPU.ActiveCfg = Debug|Any CPU
		{E3960D34-E673-4095-B503-251230BB102A}.Debug|Any CPU.Build.0 = Debug|Any CPU
		{E3960D34-E673-4095-B503-251230BB102A}.Debug|x64.ActiveCfg = Debug|Any CPU
		{E3960D34-E673-4095-B503-251230BB102A}.Debug|x64.Build.0 = Debug|Any CPU
		{E3960D34-E673-4095-B503-251230BB102A}.Debug|x86.ActiveCfg = Debug|Any CPU
		{E3960D34-E673-4095-B503-251230BB102A}.Debug|x86.Build.0 = Debug|Any CPU
		{E3960D34-E673-4095-B503-251230BB102A}.Release|Any CPU.ActiveCfg = Release|Any CPU
		{E3960D34-E673-4095-B503-251230BB102A}.Release|Any CPU.Build.0 = Release|Any CPU
		{E3960D34-E673-4095-B503-251230BB102A}.Release|x64.ActiveCfg = Release|Any CPU
		{E3960D34-E673-4095-B503-251230BB102A}.Release|x64.Build.0 = Release|Any CPU
		{E3960D34-E673-4095-B503-251230BB102A}.Release|x86.ActiveCfg = Release|Any CPU
		{E3960D34-E673-4095-B503-251230BB102A}.Release|x86.Build.0 = Release|Any CPU
	EndGlobalSection
	GlobalSection(SolutionProperties) = preSolution
		HideSolutionNode = FALSE
	EndGlobalSection
	GlobalSection(ExtensibilityGlobals) = postSolution
		SolutionGuid = {17DC2416-8D00-48CF-96FD-8FD1DF1579F5}

	EndGlobalSection
EndGlobal
