<Solution>
  <Project Path="Shoko.Plugin.OriginalNameRelocator/Shoko.Plugin.OriginalNameRelocator.csproj" />
  <Project Path="Shoko.Plugin.SampleWithSettingsRelocator/Shoko.Plugin.SampleWithSettingsRelocator.csproj" />
  <Project Path="Shoko.Plugin.SampleConfiguration/Shoko.Plugin.SampleConfiguration.csproj" />
  <Project Path="Shoko.Plugin.SampleEvents/Shoko.Plugin.SampleEvents.csproj" />
  <Project Path="Shoko.Plugin.SampleWebApi/Shoko.Plugin.SampleWebApi.csproj" />
  <Project Path="Shoko.Plugin.SampleProviders/Shoko.Plugin.SampleProviders.csproj" />
  <Project Path="Shoko.Plugin.SampleDashboard/Shoko.Plugin.SampleDashboard.csproj" />
</Solution>
